
Microsoft Visual Studio Solution File, Format Version 12.00
# Visual Studio Version 17
VisualStudioVersion = 17.5.33502.453
MinimumVisualStudioVersion = 10.0.40219.1
Project("{8BC9CEB8-8B4A-11D0-8D11-00A0C91BC942}") = "GameEngine", "GameEngine\GameEngine.vcxproj", "{D3EB1434-710D-4619-AFDE-764B9FD9109D}"
EndProject
Global
	GlobalSection(SolutionConfigurationPlatforms) = preSolution
		Debug|x64 = Debug|x64
		Debug|x86 = Debug|x86
		Release|x64 = Release|x64
		Release|x86 = Release|x86
		UnitTesting|x64 = UnitTesting|x64
		UnitTesting|x86 = UnitTesting|x86
	EndGlobalSection
	GlobalSection(ProjectConfigurationPlatforms) = postSolution
		{D3EB1434-710D-4619-AFDE-764B9FD9109D}.Debug|x64.ActiveCfg = Debug|x64
		{D3EB1434-710D-4619-AFDE-764B9FD9109D}.Debug|x64.Build.0 = Debug|x64
		{D3EB1434-710D-4619-AFDE-764B9FD9109D}.Debug|x86.ActiveCfg = Debug|Win32
		{D3EB1434-710D-4619-AFDE-764B9FD9109D}.Debug|x86.Build.0 = Debug|Win32
		{D3EB1434-710D-4619-AFDE-764B9FD9109D}.Release|x64.ActiveCfg = Release|x64
		{D3EB1434-710D-4619-AFDE-764B9FD9109D}.Release|x64.Build.0 = Release|x64
		{D3EB1434-710D-4619-AFDE-764B9FD9109D}.Release|x86.ActiveCfg = Release|Win32
		{D3EB1434-710D-4619-AFDE-764B9FD9109D}.Release|x86.Build.0 = Release|Win32
		{D3EB1434-710D-4619-AFDE-764B9FD9109D}.UnitTesting|x64.ActiveCfg = UnitTesting|x64
		{D3EB1434-710D-4619-AFDE-764B9FD9109D}.UnitTesting|x64.Build.0 = UnitTesting|x64
		{D3EB1434-710D-4619-AFDE-764B9FD9109D}.UnitTesting|x86.ActiveCfg = UnitTesting|Win32
		{D3EB1434-710D-4619-AFDE-764B9FD9109D}.UnitTesting|x86.Build.0 = UnitTesting|Win32
	EndGlobalSection
	GlobalSection(SolutionProperties) = preSolution
		HideSolutionNode = FALSE
	EndGlobalSection
	GlobalSection(ExtensibilityGlobals) = postSolution
		SolutionGuid = {DF50BDF8-9931-429D-9DD9-2738A721E130}
	EndGlobalSection
EndGlobal
